{
  "nodes": {
    "flake-compat": {
      "flake": false,
      "locked": {
        "lastModified": 1696426674,
        "narHash": "sha256-kvjfFW7WAETZlt09AgDn1MrtKzP7t90Vf7vypd3OL1U=",
        "owner": "edolstra",
        "repo": "flake-compat",
        "rev": "0f9255e01c2351cc7d116c072cb317785dd33b33",
        "type": "github"
      },
      "original": {
        "owner": "edolstra",
        "repo": "flake-compat",
        "type": "github"
      }
    },
    "flake-utils": {
      "inputs": {
        "systems": "systems"
      },
      "locked": {
        "lastModified": 1710146030,
        "narHash": "sha256-SZ5L6eA7HJ/nmkzGG7/ISclqe6oZdOZTNoesiInkXPQ=",
        "owner": "numtide",
        "repo": "flake-utils",
        "rev": "b1d9ab70662946ef0850d488da1c9019f3a9752a",
        "type": "github"
      },
      "original": {
        "owner": "numtide",
        "repo": "flake-utils",
        "type": "github"
      }
    },
    "hardware": {
      "locked": {
        "lastModified": 1730368399,
        "narHash": "sha256-F8vJtG389i9fp3k2/UDYHMed3PLCJYfxCqwiVP7b9ig=",
        "owner": "nixos",
        "repo": "nixos-hardware",
        "rev": "da14839ac5f38ee6adbdb4e6db09b5eef6d6ccdc",
        "type": "github"
      },
      "original": {
        "owner": "nixos",
        "repo": "nixos-hardware",
        "type": "github"
      }
    },
    "home-manager": {
      "inputs": {
        "nixpkgs": [
          "nixpkgs"
        ]
      },
      "locked": {
        "lastModified": 1730016908,
        "narHash": "sha256-bFCxJco7d8IgmjfNExNz9knP8wvwbXU4s/d53KOK6U0=",
        "owner": "nix-community",
        "repo": "home-manager",
        "rev": "e83414058edd339148dc142a8437edb9450574c8",
        "type": "github"
      },
      "original": {
        "owner": "nix-community",
        "repo": "home-manager",
        "type": "github"
      }
    },
    "impermanence": {
      "locked": {
        "lastModified": 1730403150,
        "narHash": "sha256-W1FH5aJ/GpRCOA7DXT/sJHFpa5r8sq2qAUncWwRZ3Gg=",
        "owner": "nix-community",
        "repo": "impermanence",
        "rev": "0d09341beeaa2367bac5d718df1404bf2ce45e6f",
        "type": "github"
      },
      "original": {
        "owner": "nix-community",
        "repo": "impermanence",
        "type": "github"
      }
    },
    "nix-vscode-extensions": {
      "inputs": {
        "flake-compat": "flake-compat",
        "flake-utils": "flake-utils",
        "nixpkgs": "nixpkgs"
      },
      "locked": {
        "lastModified": 1730339415,
        "narHash": "sha256-3dbUPDSAteNUvaMh3mh61FBQNhhT9n3XBQH2HK0C8+I=",
        "owner": "nix-community",
        "repo": "nix-vscode-extensions",
        "rev": "bdda106fe8c2beda62338254783c562bfb5648a2",
        "type": "github"
      },
      "original": {
        "owner": "nix-community",
        "repo": "nix-vscode-extensions",
        "type": "github"
      }
    },
    "nixpkgs": {
      "locked": {
        "lastModified": 1713805509,
        "narHash": "sha256-YgSEan4CcrjivCNO5ZNzhg7/8ViLkZ4CB/GrGBVSudo=",
        "owner": "NixOS",
        "repo": "nixpkgs",
        "rev": "1e1dc66fe68972a76679644a5577828b6a7e8be4",
        "type": "github"
      },
      "original": {
        "owner": "NixOS",
        "ref": "nixpkgs-unstable",
        "repo": "nixpkgs",
        "type": "github"
      }
    },
    "nixpkgs-master": {
      "locked": {
        "lastModified": 1730424435,
        "narHash": "sha256-n3ogwb2JHOtQgl9zzCIdtOsnmlCeEx/TKqCo+WMqkMQ=",
        "owner": "nixos",
        "repo": "nixpkgs",
        "rev": "08ecb6648a8af3d34f884bfe7d4b98daaf788b3f",
        "type": "github"
      },
      "original": {
        "owner": "nixos",
        "ref": "master",
        "repo": "nixpkgs",
        "type": "github"
      }
    },
    "nixpkgs-stable": {
      "locked": {
        "lastModified": 1730137625,
        "narHash": "sha256-9z8oOgFZiaguj+bbi3k4QhAD6JabWrnv7fscC/mt0KE=",
        "owner": "nixos",
        "repo": "nixpkgs",
        "rev": "64b80bfb316b57cdb8919a9110ef63393d74382a",
        "type": "github"
      },
      "original": {
        "owner": "nixos",
        "ref": "nixos-24.05",
        "repo": "nixpkgs",
        "type": "github"
      }
    },
    "nixpkgs_2": {
      "locked": {
        "lastModified": 1730200266,
        "narHash": "sha256-l253w0XMT8nWHGXuXqyiIC/bMvh1VRszGXgdpQlfhvU=",
        "owner": "nixos",
        "repo": "nixpkgs",
        "rev": "807e9154dcb16384b1b765ebe9cd2bba2ac287fd",
        "type": "github"
      },
      "original": {
        "owner": "nixos",
        "ref": "nixos-unstable",
        "repo": "nixpkgs",
        "type": "github"
      }
    },
    "nur": {
      "locked": {
        "lastModified": 1730411166,
        "narHash": "sha256-o1JcjEnWhnxkkKXYN1gQeO53RUsQExFsgMOJ/FzuFX0=",
        "owner": "nix-community",
        "repo": "NUR",
        "rev": "761c6a7d6859126681d206126ba26ec58306d068",
        "type": "github"
      },
      "original": {
        "owner": "nix-community",
        "repo": "NUR",
        "type": "github"
      }
    },
    "root": {
      "inputs": {
        "hardware": "hardware",
        "home-manager": "home-manager",
        "impermanence": "impermanence",
        "nix-vscode-extensions": "nix-vscode-extensions",
        "nixpkgs": "nixpkgs_2",
        "nixpkgs-master": "nixpkgs-master",
        "nixpkgs-stable": "nixpkgs-stable",
        "nur": "nur"
      }
    },
    "systems": {
      "locked": {
        "lastModified": 1681028828,
        "narHash": "sha256-Vy1rq5AaRuLzOxct8nz4T6wlgyUR7zLU309k9mBC768=",
        "owner": "nix-systems",
        "repo": "default",
        "rev": "da67096a3b9bf56a91d16901293e51ba5b49a27e",
        "type": "github"
      },
      "original": {
        "owner": "nix-systems",
        "repo": "default",
        "type": "github"
      }
    }
  },
  "root": "root",
  "version": 7
}
